PODS:
  - ActiveLabel (0.7.1)
  - AsyncDisplayKit (2.1):
    - AsyncDisplayKit/PINRemoteImage (= 2.1)
  - AsyncDisplayKit/Core (2.1)
  - AsyncDisplayKit/PINRemoteImage (2.1):
    - AsyncDisplayKit/Core
    - PINRemoteImage/iOS (= 3.0.0-beta.7)
    - PINRemoteImage/PINCache
  - Cartography (1.0.1)
  - ChameleonFramework/Default (2.1.0)
  - ChameleonFramework/Swift (2.1.0):
    - ChameleonFramework/Default
  - Firebase/Auth (3.13.0):
    - Firebase/Core
    - FirebaseAuth (= 3.1.1)
  - Firebase/Core (3.13.0):
    - FirebaseAnalytics (= 3.7.0)
    - FirebaseCore (= 3.5.0)
  - Firebase/Messaging (3.13.0):
    - Firebase/Core
    - FirebaseMessaging (= 1.2.2)
  - FirebaseAnalytics (3.7.0):
    - FirebaseCore (~> 3.5)
    - FirebaseInstanceID (~> 1.0)
    - GoogleToolboxForMac/NSData+zlib (~> 2.1)
  - FirebaseAuth (3.1.1):
    - FirebaseAnalytics (~> 3.7)
    - GoogleToolboxForMac/NSDictionary+URLArguments (~> 2.1)
    - GTMSessionFetcher/Core (~> 1.1)
  - FirebaseCore (3.5.0):
    - GoogleToolboxForMac/NSData+zlib (~> 2.1)
  - FirebaseInstanceID (1.0.9)
  - FirebaseMessaging (1.2.2):
    - FirebaseAnalytics (~> 3.7)
    - FirebaseInstanceID (~> 1.0)
    - GoogleToolboxForMac/Logger (~> 2.1)
    - Protobuf (~> 3.1)
  - FontAwesome.swift (1.0.0)
  - FPSCounter (2.0.0)
  - GoogleToolboxForMac/DebugUtils (2.1.1):
    - GoogleToolboxForMac/Defines (= 2.1.1)
  - GoogleToolboxForMac/Defines (2.1.1)
  - GoogleToolboxForMac/Logger (2.1.1):
    - GoogleToolboxForMac/Defines (= 2.1.1)
  - GoogleToolboxForMac/NSData+zlib (2.1.1):
    - GoogleToolboxForMac/Defines (= 2.1.1)
  - GoogleToolboxForMac/NSDictionary+URLArguments (2.1.1):
    - GoogleToolboxForMac/DebugUtils (= 2.1.1)
    - GoogleToolboxForMac/Defines (= 2.1.1)
    - GoogleToolboxForMac/NSString+URLArguments (= 2.1.1)
  - GoogleToolboxForMac/NSString+URLArguments (2.1.1)
  - GTMSessionFetcher/Core (1.1.8)
  - Kingfisher (3.4.0)
  - PINCache (3.0.1-beta.2):
    - PINCache/Arc-exception-safe (= 3.0.1-beta.2)
    - PINCache/Core (= 3.0.1-beta.2)
  - PINCache/Arc-exception-safe (3.0.1-beta.2):
    - PINCache/Core
  - PINCache/Core (3.0.1-beta.2)
  - PINRemoteImage/Core (3.0.0-beta.7)
  - PINRemoteImage/iOS (3.0.0-beta.7):
    - PINRemoteImage/Core
  - PINRemoteImage/PINCache (3.0.0-beta.7):
    - PINCache (= 3.0.1-beta.2)
    - PINRemoteImage/Core
  - Popover (1.0.4)
  - PopupDialog (0.5.3)
  - Protobuf (3.2.0)
  - Realm (2.4.2):
    - Realm/Headers (= 2.4.2)
  - Realm/Headers (2.4.2)
  - RealmSwift (2.4.2):
    - Realm (= 2.4.2)
  - reddift (2.0.1):
    - reddift/MiniKeychain (= 2.0.1)
  - reddift/MiniKeychain (2.0.1)
  - SwiftyJSON (3.1.4)
  - SwiftyMarkdown (0.3.2)
  - Toaster (2.0.3)
  - UIColor_Hex_Swift (3.0.2)

DEPENDENCIES:
  - ActiveLabel
  - AsyncDisplayKit
  - Cartography
  - ChameleonFramework/Swift (from `https://github.com/ViccAlexander/Chameleon.git`)
  - Firebase/Auth
  - Firebase/Core
  - Firebase/Messaging
  - FontAwesome.swift
  - FPSCounter
  - Kingfisher
  - Popover
  - PopupDialog
  - RealmSwift (from `https://github.com/realm/realm-cocoa.git`, branch `master`)
  - reddift
  - SwiftyJSON
  - SwiftyMarkdown
  - Toaster
  - UIColor_Hex_Swift

EXTERNAL SOURCES:
  ChameleonFramework:
    :git: https://github.com/ViccAlexander/Chameleon.git
  RealmSwift:
    :branch: master
    :git: https://github.com/realm/realm-cocoa.git
    :submodules: true

CHECKOUT OPTIONS:
  ChameleonFramework:
    :commit: dcf98f9bf3a632a7f40679b7da46f09681e48526
    :git: https://github.com/ViccAlexander/Chameleon.git
  RealmSwift:
    :commit: 12cd1de3cd79f7cc4835051b725c5d1094f32876
    :git: https://github.com/realm/realm-cocoa.git
    :submodules: true

SPEC CHECKSUMS:
  ActiveLabel: 68625f22775f51c31bb691ca8de20f1e5a3bc825
  AsyncDisplayKit: 28de788f9d6ec573be7662f0fe8931e656357e93
  Cartography: c1460e99395b824d9d75360b0382faeb0b33dcd7
  ChameleonFramework: d21a3cc247abfe5e37609a283a8238b03575cf64
  Firebase: 5bc34d7b5ff5792e3386c8b28dc6265deeab0da4
  FirebaseAnalytics: 0d1b7d81d5021155be37702a94ba1ec16d45365d
  FirebaseAuth: cc8a1824170adbd351edb7f994490a3fb5c18be6
  FirebaseCore: 1c0a13bf59bb95cdd19577252499f0ec6a03e999
  FirebaseInstanceID: 2d0518b1378fe9d685ef40cbdd63d2fdc1125339
  FirebaseMessaging: df8267f378580a24174ce7861233aa11d5c90109
  FontAwesome.swift: 2d32a3d62195343c2004b7c9043294ed2948553a
  FPSCounter: d4b8588434c18de19ef819c9fc06f80ce0924d94
  GoogleToolboxForMac: 8e329f1b599f2512c6b10676d45736bcc2cbbeb0
  GTMSessionFetcher: 6f8d8b28b7e345549ac471071608170b31cb4977
  Kingfisher: 5690cfb3d1bddf3a98d679a3a34d0b7294974ed2
  PINCache: 6d273a6e0754bd26e3f12a38a90dde73cc6a42b2
  PINRemoteImage: ff63baf185088530db6cfa41cb665e2b5126b5c3
  Popover: 8bced665f98824ded3b8114a27f4d2281c78a672
  PopupDialog: 533dd564f8781633375505b9fbd406f8f146ccc9
  Protobuf: 745f59e122e5de98d4d7ef291e264a0eef80f58e
  Realm: d27b758e12d62a3371879a065d4c40aa212c5a54
  RealmSwift: a2485af6fd62369e7126ce0af43ff5430de1e77a
  reddift: c6dc41a76657a9ca5c07f55a8e8ad6440f3635a9
  SwiftyJSON: c2842d878f95482ffceec5709abc3d05680c0220
  SwiftyMarkdown: 59cea5af966f7fb0ed99dfc29174d82ba1534cfd
  Toaster: 77c0b03d78e680bbbab0071c9c7ee392b0034010
  UIColor_Hex_Swift: 95f718452092a3efc8a827dffd2c04d3237be02d

PODFILE CHECKSUM: 8ad6c195e5420e24522c208ace08726d71bb91cb

COCOAPODS: 1.2.0
