// !$*UTF8*$!
{
	archiveVersion = 1;
	classes = {
	};
	objectVersion = 46;
	objects = {

/* Begin PBXBuildFile section */
		6D045DF21E484C120064AE59 /* AMSubredditViewController.swift in Sources */ = {isa = PBXBuildFile; fileRef = 6D045DF11E484C120064AE59 /* AMSubredditViewController.swift */; };
		6D045DF41E484CC10064AE59 /* TailLoadingCell.swift in Sources */ = {isa = PBXBuildFile; fileRef = 6D045DF31E484CC10064AE59 /* TailLoadingCell.swift */; };
		6D06AA7D1E54F611000D4783 /* AMHomeViewController.swift in Sources */ = {isa = PBXBuildFile; fileRef = 6D06AA7C1E54F611000D4783 /* AMHomeViewController.swift */; };
		6D25FBCF1E4EB67100CFEDB2 /* AMNavigationBar.swift in Sources */ = {isa = PBXBuildFile; fileRef = 6D25FBCE1E4EB67100CFEDB2 /* AMNavigationBar.swift */; };
		6D25FBD11E4EBB1800CFEDB2 /* AMSearchViewController.swift in Sources */ = {isa = PBXBuildFile; fileRef = 6D25FBD01E4EBB1800CFEDB2 /* AMSearchViewController.swift */; };
		6D3C64EB1E36D39F007DC81B /* AMComment.swift in Sources */ = {isa = PBXBuildFile; fileRef = 6D3C64EA1E36D39F007DC81B /* AMComment.swift */; };
		6D514B2C1E4FBACD00267B64 /* AMSearchCellNode.swift in Sources */ = {isa = PBXBuildFile; fileRef = 6D514B2B1E4FBACD00267B64 /* AMSearchCellNode.swift */; };
		6D514B2E1E4FDE1800267B64 /* AMToolbar.swift in Sources */ = {isa = PBXBuildFile; fileRef = 6D514B2D1E4FDE1800267B64 /* AMToolbar.swift */; };
		6D514B301E4FED3500267B64 /* AMPagerViewController.swift in Sources */ = {isa = PBXBuildFile; fileRef = 6D514B2F1E4FED3500267B64 /* AMPagerViewController.swift */; };
		6D54BDD71E5166C9006C65CD /* AMHeaderCellNode.swift in Sources */ = {isa = PBXBuildFile; fileRef = 6D54BDD61E5166C9006C65CD /* AMHeaderCellNode.swift */; };
		6D54BDD91E516738006C65CD /* AMHeader.swift in Sources */ = {isa = PBXBuildFile; fileRef = 6D54BDD81E516738006C65CD /* AMHeader.swift */; };
		6D6DC43E1E4C30C9004457DF /* AMCommentCellNode.swift in Sources */ = {isa = PBXBuildFile; fileRef = 6D6DC43D1E4C30C9004457DF /* AMCommentCellNode.swift */; };
		6D6DC4401E4C31E8004457DF /* AMLink.swift in Sources */ = {isa = PBXBuildFile; fileRef = 6D6DC43F1E4C31E8004457DF /* AMLink.swift */; };
		6D82AF7C1E4858E6006ED99A /* AMLinkCellNode.swift in Sources */ = {isa = PBXBuildFile; fileRef = 6D82AF7B1E4858E6006ED99A /* AMLinkCellNode.swift */; };
		6D82AF7E1E485AAF006ED99A /* LayoutExampleNode+Layouts.swift in Sources */ = {isa = PBXBuildFile; fileRef = 6D82AF7D1E485AAF006ED99A /* LayoutExampleNode+Layouts.swift */; };
		6D82AF801E485AF6006ED99A /* LayoutExampleNode.swift in Sources */ = {isa = PBXBuildFile; fileRef = 6D82AF7F1E485AF6006ED99A /* LayoutExampleNode.swift */; };
		6D82AF821E485C9F006ED99A /* Utilities.swift in Sources */ = {isa = PBXBuildFile; fileRef = 6D82AF811E485C9F006ED99A /* Utilities.swift */; };
		6D82AF841E485CF0006ED99A /* LayoutExampleViewController.swift in Sources */ = {isa = PBXBuildFile; fileRef = 6D82AF831E485CF0006ED99A /* LayoutExampleViewController.swift */; };
		6D82AF861E485D11006ED99A /* OverviewCellNode.swift in Sources */ = {isa = PBXBuildFile; fileRef = 6D82AF851E485D11006ED99A /* OverviewCellNode.swift */; };
		6D8375A11E34A81A00A7915A /* AppDelegate.swift in Sources */ = {isa = PBXBuildFile; fileRef = 6D8375A01E34A81A00A7915A /* AppDelegate.swift */; };
		6D8375A81E34A81A00A7915A /* Assets.xcassets in Resources */ = {isa = PBXBuildFile; fileRef = 6D8375A71E34A81A00A7915A /* Assets.xcassets */; };
		6D8375AB1E34A81A00A7915A /* LaunchScreen.storyboard in Resources */ = {isa = PBXBuildFile; fileRef = 6D8375A91E34A81A00A7915A /* LaunchScreen.storyboard */; };
		6D8375C21E34AAE100A7915A /* RedditLoader.swift in Sources */ = {isa = PBXBuildFile; fileRef = 6D8375BA1E34AAE100A7915A /* RedditLoader.swift */; };
		6D8375C31E34AAE100A7915A /* TextSize.swift in Sources */ = {isa = PBXBuildFile; fileRef = 6D8375BB1E34AAE100A7915A /* TextSize.swift */; };
		6D8375C41E34AAE100A7915A /* Theme.swift in Sources */ = {isa = PBXBuildFile; fileRef = 6D8375BC1E34AAE100A7915A /* Theme.swift */; };
		6D8375CB1E34AF0000A7915A /* DateSortable.swift in Sources */ = {isa = PBXBuildFile; fileRef = 6D8375CA1E34AF0000A7915A /* DateSortable.swift */; };
		6D8375D61E34B4D100A7915A /* NSObject+IGListDiffable.swift in Sources */ = {isa = PBXBuildFile; fileRef = 6D8375D51E34B4D100A7915A /* NSObject+IGListDiffable.swift */; };
		6D8375D81E34B82D00A7915A /* OCRAStd.otf in Resources */ = {isa = PBXBuildFile; fileRef = 6D8375D71E34B82D00A7915A /* OCRAStd.otf */; };
		6D8375DA1E34BF2500A7915A /* reddift_config.json in Resources */ = {isa = PBXBuildFile; fileRef = 6D8375D91E34BF2500A7915A /* reddift_config.json */; };
		6D8375DC1E352E6400A7915A /* CustomNavigationController.swift in Sources */ = {isa = PBXBuildFile; fileRef = 6D8375DB1E352E6400A7915A /* CustomNavigationController.swift */; };
		6DD707651E504B9E00921E9F /* GoogleService-Info.plist in Resources */ = {isa = PBXBuildFile; fileRef = 6DD707641E504B9E00921E9F /* GoogleService-Info.plist */; };
		6DE349081E43C71700C72BFF /* AMSubreddit.swift in Sources */ = {isa = PBXBuildFile; fileRef = 6DE349071E43C71700C72BFF /* AMSubreddit.swift */; };
		6DF2D32C1E5658200074899E /* AdSupport.framework in Frameworks */ = {isa = PBXBuildFile; fileRef = 6DF2D32B1E5658200074899E /* AdSupport.framework */; };
		6DF86E7A1E35818F001DDC29 /* Podfile in Resources */ = {isa = PBXBuildFile; fileRef = 6DF86E791E35818F001DDC29 /* Podfile */; };
		6DFC65121E4BBA9500333C47 /* AMCommentsViewController.swift in Sources */ = {isa = PBXBuildFile; fileRef = 6DFC65111E4BBA9500333C47 /* AMCommentsViewController.swift */; };
		E346EEC0BA51791E7EF54BA9 /* Pods_LooseFoot.framework in Frameworks */ = {isa = PBXBuildFile; fileRef = 9B63A020C32E9FFABC22AE30 /* Pods_LooseFoot.framework */; };
/* End PBXBuildFile section */

/* Begin PBXFileReference section */
		6D045DF11E484C120064AE59 /* AMSubredditViewController.swift */ = {isa = PBXFileReference; fileEncoding = 4; lastKnownFileType = sourcecode.swift; path = AMSubredditViewController.swift; sourceTree = "<group>"; };
		6D045DF31E484CC10064AE59 /* TailLoadingCell.swift */ = {isa = PBXFileReference; fileEncoding = 4; lastKnownFileType = sourcecode.swift; path = TailLoadingCell.swift; sourceTree = "<group>"; };
		6D06AA7C1E54F611000D4783 /* AMHomeViewController.swift */ = {isa = PBXFileReference; fileEncoding = 4; lastKnownFileType = sourcecode.swift; path = AMHomeViewController.swift; sourceTree = "<group>"; };
		6D25FBCE1E4EB67100CFEDB2 /* AMNavigationBar.swift */ = {isa = PBXFileReference; fileEncoding = 4; lastKnownFileType = sourcecode.swift; path = AMNavigationBar.swift; sourceTree = "<group>"; };
		6D25FBD01E4EBB1800CFEDB2 /* AMSearchViewController.swift */ = {isa = PBXFileReference; fileEncoding = 4; lastKnownFileType = sourcecode.swift; path = AMSearchViewController.swift; sourceTree = "<group>"; };
		6D3C64EA1E36D39F007DC81B /* AMComment.swift */ = {isa = PBXFileReference; fileEncoding = 4; lastKnownFileType = sourcecode.swift; path = AMComment.swift; sourceTree = "<group>"; };
		6D514B2B1E4FBACD00267B64 /* AMSearchCellNode.swift */ = {isa = PBXFileReference; fileEncoding = 4; lastKnownFileType = sourcecode.swift; path = AMSearchCellNode.swift; sourceTree = "<group>"; };
		6D514B2D1E4FDE1800267B64 /* AMToolbar.swift */ = {isa = PBXFileReference; fileEncoding = 4; lastKnownFileType = sourcecode.swift; path = AMToolbar.swift; sourceTree = "<group>"; };
		6D514B2F1E4FED3500267B64 /* AMPagerViewController.swift */ = {isa = PBXFileReference; fileEncoding = 4; lastKnownFileType = sourcecode.swift; path = AMPagerViewController.swift; sourceTree = "<group>"; };
		6D54BDD61E5166C9006C65CD /* AMHeaderCellNode.swift */ = {isa = PBXFileReference; fileEncoding = 4; lastKnownFileType = sourcecode.swift; path = AMHeaderCellNode.swift; sourceTree = "<group>"; };
		6D54BDD81E516738006C65CD /* AMHeader.swift */ = {isa = PBXFileReference; fileEncoding = 4; lastKnownFileType = sourcecode.swift; path = AMHeader.swift; sourceTree = "<group>"; };
		6D6DC43D1E4C30C9004457DF /* AMCommentCellNode.swift */ = {isa = PBXFileReference; fileEncoding = 4; lastKnownFileType = sourcecode.swift; path = AMCommentCellNode.swift; sourceTree = "<group>"; };
		6D6DC43F1E4C31E8004457DF /* AMLink.swift */ = {isa = PBXFileReference; fileEncoding = 4; lastKnownFileType = sourcecode.swift; path = AMLink.swift; sourceTree = "<group>"; };
		6D82AF7B1E4858E6006ED99A /* AMLinkCellNode.swift */ = {isa = PBXFileReference; fileEncoding = 4; lastKnownFileType = sourcecode.swift; path = AMLinkCellNode.swift; sourceTree = "<group>"; };
		6D82AF7D1E485AAF006ED99A /* LayoutExampleNode+Layouts.swift */ = {isa = PBXFileReference; fileEncoding = 4; lastKnownFileType = sourcecode.swift; path = "LayoutExampleNode+Layouts.swift"; sourceTree = "<group>"; };
		6D82AF7F1E485AF6006ED99A /* LayoutExampleNode.swift */ = {isa = PBXFileReference; fileEncoding = 4; lastKnownFileType = sourcecode.swift; path = LayoutExampleNode.swift; sourceTree = "<group>"; };
		6D82AF811E485C9F006ED99A /* Utilities.swift */ = {isa = PBXFileReference; fileEncoding = 4; lastKnownFileType = sourcecode.swift; path = Utilities.swift; sourceTree = "<group>"; };
		6D82AF831E485CF0006ED99A /* LayoutExampleViewController.swift */ = {isa = PBXFileReference; fileEncoding = 4; lastKnownFileType = sourcecode.swift; path = LayoutExampleViewController.swift; sourceTree = "<group>"; };
		6D82AF851E485D11006ED99A /* OverviewCellNode.swift */ = {isa = PBXFileReference; fileEncoding = 4; lastKnownFileType = sourcecode.swift; path = OverviewCellNode.swift; sourceTree = "<group>"; };
		6D83759D1E34A81A00A7915A /* LooseFoot.app */ = {isa = PBXFileReference; explicitFileType = wrapper.application; includeInIndex = 0; path = LooseFoot.app; sourceTree = BUILT_PRODUCTS_DIR; };
		6D8375A01E34A81A00A7915A /* AppDelegate.swift */ = {isa = PBXFileReference; lastKnownFileType = sourcecode.swift; path = AppDelegate.swift; sourceTree = "<group>"; };
		6D8375A71E34A81A00A7915A /* Assets.xcassets */ = {isa = PBXFileReference; lastKnownFileType = folder.assetcatalog; path = Assets.xcassets; sourceTree = "<group>"; };
		6D8375AA1E34A81A00A7915A /* Base */ = {isa = PBXFileReference; lastKnownFileType = file.storyboard; name = Base; path = Base.lproj/LaunchScreen.storyboard; sourceTree = "<group>"; };
		6D8375AC1E34A81A00A7915A /* Info.plist */ = {isa = PBXFileReference; lastKnownFileType = text.plist.xml; path = Info.plist; sourceTree = "<group>"; };
		6D8375BA1E34AAE100A7915A /* RedditLoader.swift */ = {isa = PBXFileReference; fileEncoding = 4; lastKnownFileType = sourcecode.swift; path = RedditLoader.swift; sourceTree = "<group>"; };
		6D8375BB1E34AAE100A7915A /* TextSize.swift */ = {isa = PBXFileReference; fileEncoding = 4; lastKnownFileType = sourcecode.swift; path = TextSize.swift; sourceTree = "<group>"; };
		6D8375BC1E34AAE100A7915A /* Theme.swift */ = {isa = PBXFileReference; fileEncoding = 4; lastKnownFileType = sourcecode.swift; path = Theme.swift; sourceTree = "<group>"; };
		6D8375CA1E34AF0000A7915A /* DateSortable.swift */ = {isa = PBXFileReference; fileEncoding = 4; lastKnownFileType = sourcecode.swift; name = DateSortable.swift; path = Models/DateSortable.swift; sourceTree = "<group>"; };
		6D8375D51E34B4D100A7915A /* NSObject+IGListDiffable.swift */ = {isa = PBXFileReference; fileEncoding = 4; lastKnownFileType = sourcecode.swift; name = "NSObject+IGListDiffable.swift"; path = "Models/NSObject+IGListDiffable.swift"; sourceTree = "<group>"; };
		6D8375D71E34B82D00A7915A /* OCRAStd.otf */ = {isa = PBXFileReference; lastKnownFileType = file; path = OCRAStd.otf; sourceTree = "<group>"; };
		6D8375D91E34BF2500A7915A /* reddift_config.json */ = {isa = PBXFileReference; fileEncoding = 4; lastKnownFileType = text.json; path = reddift_config.json; sourceTree = "<group>"; };
		6D8375DB1E352E6400A7915A /* CustomNavigationController.swift */ = {isa = PBXFileReference; fileEncoding = 4; lastKnownFileType = sourcecode.swift; path = CustomNavigationController.swift; sourceTree = "<group>"; };
		6DD707641E504B9E00921E9F /* GoogleService-Info.plist */ = {isa = PBXFileReference; fileEncoding = 4; lastKnownFileType = text.plist.xml; path = "GoogleService-Info.plist"; sourceTree = "<group>"; };
		6DD707661E504BD800921E9F /* LooseFoot.entitlements */ = {isa = PBXFileReference; lastKnownFileType = text.plist.entitlements; path = LooseFoot.entitlements; sourceTree = "<group>"; };
		6DE349071E43C71700C72BFF /* AMSubreddit.swift */ = {isa = PBXFileReference; fileEncoding = 4; lastKnownFileType = sourcecode.swift; path = AMSubreddit.swift; sourceTree = "<group>"; };
		6DF2D32B1E5658200074899E /* AdSupport.framework */ = {isa = PBXFileReference; lastKnownFileType = wrapper.framework; name = AdSupport.framework; path = System/Library/Frameworks/AdSupport.framework; sourceTree = SDKROOT; };
		6DF86E791E35818F001DDC29 /* Podfile */ = {isa = PBXFileReference; fileEncoding = 4; lastKnownFileType = text; path = Podfile; sourceTree = "<group>"; xcLanguageSpecificationIdentifier = xcode.lang.ruby; };
		6DFC65111E4BBA9500333C47 /* AMCommentsViewController.swift */ = {isa = PBXFileReference; fileEncoding = 4; lastKnownFileType = sourcecode.swift; path = AMCommentsViewController.swift; sourceTree = "<group>"; };
		6F3C097B566CF8056FD7DBC7 /* Pods-LooseFoot.debug.xcconfig */ = {isa = PBXFileReference; includeInIndex = 1; lastKnownFileType = text.xcconfig; name = "Pods-LooseFoot.debug.xcconfig"; path = "Pods/Target Support Files/Pods-LooseFoot/Pods-LooseFoot.debug.xcconfig"; sourceTree = "<group>"; };
		757ACE6488336929E3203CB6 /* Pods-LooseFoot.release.xcconfig */ = {isa = PBXFileReference; includeInIndex = 1; lastKnownFileType = text.xcconfig; name = "Pods-LooseFoot.release.xcconfig"; path = "Pods/Target Support Files/Pods-LooseFoot/Pods-LooseFoot.release.xcconfig"; sourceTree = "<group>"; };
		9B63A020C32E9FFABC22AE30 /* Pods_LooseFoot.framework */ = {isa = PBXFileReference; explicitFileType = wrapper.framework; includeInIndex = 0; path = Pods_LooseFoot.framework; sourceTree = BUILT_PRODUCTS_DIR; };
/* End PBXFileReference section */

/* Begin PBXFrameworksBuildPhase section */
		6D83759A1E34A81A00A7915A /* Frameworks */ = {
			isa = PBXFrameworksBuildPhase;
			buildActionMask = 2147483647;
			files = (
				6DF2D32C1E5658200074899E /* AdSupport.framework in Frameworks */,
				E346EEC0BA51791E7EF54BA9 /* Pods_LooseFoot.framework in Frameworks */,
			);
			runOnlyForDeploymentPostprocessing = 0;
		};
/* End PBXFrameworksBuildPhase section */

/* Begin PBXGroup section */
		6D8375941E34A81A00A7915A = {
			isa = PBXGroup;
			children = (
				6D83759F1E34A81A00A7915A /* LooseFoot */,
				6D83759E1E34A81A00A7915A /* Products */,
				9670FA6C4C66FCEF7BC3DE49 /* Pods */,
				C719E20F0B08B6F278E941D1 /* Frameworks */,
			);
			sourceTree = "<group>";
		};
		6D83759E1E34A81A00A7915A /* Products */ = {
			isa = PBXGroup;
			children = (
				6D83759D1E34A81A00A7915A /* LooseFoot.app */,
			);
			name = Products;
			sourceTree = "<group>";
		};
		6D83759F1E34A81A00A7915A /* LooseFoot */ = {
			isa = PBXGroup;
			children = (
				6DD707661E504BD800921E9F /* LooseFoot.entitlements */,
				6D8375A01E34A81A00A7915A /* AppDelegate.swift */,
				6D8375CE1E34B06100A7915A /* Views */,
				6D8375C91E34AEAF00A7915A /* Models */,
				6D8375C61E34AAEA00A7915A /* Resources */,
				6D8375B81E34AAE100A7915A /* Systems */,
				6D8375D21E34B18600A7915A /* ViewControllers */,
				6D8375D91E34BF2500A7915A /* reddift_config.json */,
			);
			path = LooseFoot;
			sourceTree = "<group>";
		};
		6D8375B81E34AAE100A7915A /* Systems */ = {
			isa = PBXGroup;
			children = (
				6D8375BA1E34AAE100A7915A /* RedditLoader.swift */,
				6D8375BB1E34AAE100A7915A /* TextSize.swift */,
				6D8375BC1E34AAE100A7915A /* Theme.swift */,
				6D82AF811E485C9F006ED99A /* Utilities.swift */,
			);
			path = Systems;
			sourceTree = "<group>";
		};
		6D8375C61E34AAEA00A7915A /* Resources */ = {
			isa = PBXGroup;
			children = (
				6DD707641E504B9E00921E9F /* GoogleService-Info.plist */,
				6D8375D71E34B82D00A7915A /* OCRAStd.otf */,
				6D8375A91E34A81A00A7915A /* LaunchScreen.storyboard */,
				6D8375A71E34A81A00A7915A /* Assets.xcassets */,
				6D8375AC1E34A81A00A7915A /* Info.plist */,
			);
			path = Resources;
			sourceTree = "<group>";
		};
		6D8375C91E34AEAF00A7915A /* Models */ = {
			isa = PBXGroup;
			children = (
				6DE349071E43C71700C72BFF /* AMSubreddit.swift */,
				6D3C64EA1E36D39F007DC81B /* AMComment.swift */,
				6D6DC43F1E4C31E8004457DF /* AMLink.swift */,
				6D8375CA1E34AF0000A7915A /* DateSortable.swift */,
				6D8375D51E34B4D100A7915A /* NSObject+IGListDiffable.swift */,
				6D82AF7D1E485AAF006ED99A /* LayoutExampleNode+Layouts.swift */,
				6D54BDD81E516738006C65CD /* AMHeader.swift */,
			);
			name = Models;
			sourceTree = "<group>";
		};
		6D8375CE1E34B06100A7915A /* Views */ = {
			isa = PBXGroup;
			children = (
				6D25FBCE1E4EB67100CFEDB2 /* AMNavigationBar.swift */,
				6D54BDD61E5166C9006C65CD /* AMHeaderCellNode.swift */,
				6D82AF7B1E4858E6006ED99A /* AMLinkCellNode.swift */,
				6D6DC43D1E4C30C9004457DF /* AMCommentCellNode.swift */,
				6D514B2B1E4FBACD00267B64 /* AMSearchCellNode.swift */,
				6D82AF7F1E485AF6006ED99A /* LayoutExampleNode.swift */,
				6D82AF851E485D11006ED99A /* OverviewCellNode.swift */,
				6D045DF31E484CC10064AE59 /* TailLoadingCell.swift */,
				6D514B2D1E4FDE1800267B64 /* AMToolbar.swift */,
			);
			path = Views;
			sourceTree = "<group>";
		};
		6D8375D21E34B18600A7915A /* ViewControllers */ = {
			isa = PBXGroup;
			children = (
				6D8375DB1E352E6400A7915A /* CustomNavigationController.swift */,
				6D82AF831E485CF0006ED99A /* LayoutExampleViewController.swift */,
				6D514B2F1E4FED3500267B64 /* AMPagerViewController.swift */,
				6D045DF11E484C120064AE59 /* AMSubredditViewController.swift */,
				6DFC65111E4BBA9500333C47 /* AMCommentsViewController.swift */,
				6D25FBD01E4EBB1800CFEDB2 /* AMSearchViewController.swift */,
				6D06AA7C1E54F611000D4783 /* AMHomeViewController.swift */,
			);
			path = ViewControllers;
			sourceTree = "<group>";
		};
		9670FA6C4C66FCEF7BC3DE49 /* Pods */ = {
			isa = PBXGroup;
			children = (
				6DF86E791E35818F001DDC29 /* Podfile */,
				6F3C097B566CF8056FD7DBC7 /* Pods-LooseFoot.debug.xcconfig */,
				757ACE6488336929E3203CB6 /* Pods-LooseFoot.release.xcconfig */,
			);
			name = Pods;
			sourceTree = "<group>";
		};
		C719E20F0B08B6F278E941D1 /* Frameworks */ = {
			isa = PBXGroup;
			children = (
				6DF2D32B1E5658200074899E /* AdSupport.framework */,
				9B63A020C32E9FFABC22AE30 /* Pods_LooseFoot.framework */,
			);
			name = Frameworks;
			sourceTree = "<group>";
		};
/* End PBXGroup section */

/* Begin PBXNativeTarget section */
		6D83759C1E34A81A00A7915A /* LooseFoot */ = {
			isa = PBXNativeTarget;
			buildConfigurationList = 6D8375AF1E34A81A00A7915A /* Build configuration list for PBXNativeTarget "LooseFoot" */;
			buildPhases = (
				3D6BC642686C3EF2A984C10A /* [CP] Check Pods Manifest.lock */,
				6D8375991E34A81A00A7915A /* Sources */,
				6D83759A1E34A81A00A7915A /* Frameworks */,
				6D83759B1E34A81A00A7915A /* Resources */,
				3AF3BEE0B9760B5321992357 /* [CP] Embed Pods Frameworks */,
				E66E3C6BF631FD0A09BE69E1 /* [CP] Copy Pods Resources */,
			);
			buildRules = (
			);
			dependencies = (
			);
			name = LooseFoot;
			productName = LooseFoot;
			productReference = 6D83759D1E34A81A00A7915A /* LooseFoot.app */;
			productType = "com.apple.product-type.application";
		};
/* End PBXNativeTarget section */

/* Begin PBXProject section */
		6D8375951E34A81A00A7915A /* Project object */ = {
			isa = PBXProject;
			attributes = {
				LastSwiftUpdateCheck = 0820;
				LastUpgradeCheck = 0820;
				ORGANIZATIONNAME = "Alexander McArdle";
				TargetAttributes = {
					6D83759C1E34A81A00A7915A = {
						CreatedOnToolsVersion = 8.2.1;
						DevelopmentTeam = 5CEP23L458;
						ProvisioningStyle = Automatic;
						SystemCapabilities = {
							com.apple.BackgroundModes = {
								enabled = 1;
							};
							com.apple.Push = {
								enabled = 1;
							};
						};
					};
				};
			};
			buildConfigurationList = 6D8375981E34A81A00A7915A /* Build configuration list for PBXProject "LooseFoot" */;
			compatibilityVersion = "Xcode 3.2";
			developmentRegion = English;
			hasScannedForEncodings = 0;
			knownRegions = (
				en,
				Base,
			);
			mainGroup = 6D8375941E34A81A00A7915A;
			productRefGroup = 6D83759E1E34A81A00A7915A /* Products */;
			projectDirPath = "";
			projectRoot = "";
			targets = (
				6D83759C1E34A81A00A7915A /* LooseFoot */,
			);
		};
/* End PBXProject section */

/* Begin PBXResourcesBuildPhase section */
		6D83759B1E34A81A00A7915A /* Resources */ = {
			isa = PBXResourcesBuildPhase;
			buildActionMask = 2147483647;
			files = (
				6DF86E7A1E35818F001DDC29 /* Podfile in Resources */,
				6D8375AB1E34A81A00A7915A /* LaunchScreen.storyboard in Resources */,
				6D8375A81E34A81A00A7915A /* Assets.xcassets in Resources */,
				6D8375DA1E34BF2500A7915A /* reddift_config.json in Resources */,
				6D8375D81E34B82D00A7915A /* OCRAStd.otf in Resources */,
				6DD707651E504B9E00921E9F /* GoogleService-Info.plist in Resources */,
			);
			runOnlyForDeploymentPostprocessing = 0;
		};
/* End PBXResourcesBuildPhase section */

/* Begin PBXShellScriptBuildPhase section */
		3AF3BEE0B9760B5321992357 /* [CP] Embed Pods Frameworks */ = {
			isa = PBXShellScriptBuildPhase;
			buildActionMask = 2147483647;
			files = (
			);
			inputPaths = (
			);
			name = "[CP] Embed Pods Frameworks";
			outputPaths = (
			);
			runOnlyForDeploymentPostprocessing = 0;
			shellPath = /bin/sh;
			shellScript = "\"${SRCROOT}/Pods/Target Support Files/Pods-LooseFoot/Pods-LooseFoot-frameworks.sh\"\n";
			showEnvVarsInLog = 0;
		};
		3D6BC642686C3EF2A984C10A /* [CP] Check Pods Manifest.lock */ = {
			isa = PBXShellScriptBuildPhase;
			buildActionMask = 2147483647;
			files = (
			);
			inputPaths = (
			);
			name = "[CP] Check Pods Manifest.lock";
			outputPaths = (
			);
			runOnlyForDeploymentPostprocessing = 0;
			shellPath = /bin/sh;
			shellScript = "diff \"${PODS_ROOT}/../Podfile.lock\" \"${PODS_ROOT}/Manifest.lock\" > /dev/null\nif [ $? != 0 ] ; then\n    # print error to STDERR\n    echo \"error: The sandbox is not in sync with the Podfile.lock. Run 'pod install' or update your CocoaPods installation.\" >&2\n    exit 1\nfi\n";
			showEnvVarsInLog = 0;
		};
		E66E3C6BF631FD0A09BE69E1 /* [CP] Copy Pods Resources */ = {
			isa = PBXShellScriptBuildPhase;
			buildActionMask = 2147483647;
			files = (
			);
			inputPaths = (
			);
			name = "[CP] Copy Pods Resources";
			outputPaths = (
			);
			runOnlyForDeploymentPostprocessing = 0;
			shellPath = /bin/sh;
			shellScript = "\"${SRCROOT}/Pods/Target Support Files/Pods-LooseFoot/Pods-LooseFoot-resources.sh\"\n";
			showEnvVarsInLog = 0;
		};
/* End PBXShellScriptBuildPhase section */

/* Begin PBXSourcesBuildPhase section */
		6D8375991E34A81A00A7915A /* Sources */ = {
			isa = PBXSourcesBuildPhase;
			buildActionMask = 2147483647;
			files = (
				6D82AF821E485C9F006ED99A /* Utilities.swift in Sources */,
				6D25FBCF1E4EB67100CFEDB2 /* AMNavigationBar.swift in Sources */,
				6D8375D61E34B4D100A7915A /* NSObject+IGListDiffable.swift in Sources */,
				6D514B2E1E4FDE1800267B64 /* AMToolbar.swift in Sources */,
				6D8375C21E34AAE100A7915A /* RedditLoader.swift in Sources */,
				6D8375CB1E34AF0000A7915A /* DateSortable.swift in Sources */,
				6DE349081E43C71700C72BFF /* AMSubreddit.swift in Sources */,
				6D514B301E4FED3500267B64 /* AMPagerViewController.swift in Sources */,
				6D8375C31E34AAE100A7915A /* TextSize.swift in Sources */,
				6D82AF801E485AF6006ED99A /* LayoutExampleNode.swift in Sources */,
				6D82AF841E485CF0006ED99A /* LayoutExampleViewController.swift in Sources */,
				6D8375C41E34AAE100A7915A /* Theme.swift in Sources */,
				6D045DF21E484C120064AE59 /* AMSubredditViewController.swift in Sources */,
				6D82AF7C1E4858E6006ED99A /* AMLinkCellNode.swift in Sources */,
				6D045DF41E484CC10064AE59 /* TailLoadingCell.swift in Sources */,
				6D514B2C1E4FBACD00267B64 /* AMSearchCellNode.swift in Sources */,
				6D8375A11E34A81A00A7915A /* AppDelegate.swift in Sources */,
				6D25FBD11E4EBB1800CFEDB2 /* AMSearchViewController.swift in Sources */,
				6DFC65121E4BBA9500333C47 /* AMCommentsViewController.swift in Sources */,
				6D06AA7D1E54F611000D4783 /* AMHomeViewController.swift in Sources */,
				6D54BDD91E516738006C65CD /* AMHeader.swift in Sources */,
				6D6DC43E1E4C30C9004457DF /* AMCommentCellNode.swift in Sources */,
				6D54BDD71E5166C9006C65CD /* AMHeaderCellNode.swift in Sources */,
				6D3C64EB1E36D39F007DC81B /* AMComment.swift in Sources */,
				6D82AF7E1E485AAF006ED99A /* LayoutExampleNode+Layouts.swift in Sources */,
				6D6DC4401E4C31E8004457DF /* AMLink.swift in Sources */,
				6D82AF861E485D11006ED99A /* OverviewCellNode.swift in Sources */,
				6D8375DC1E352E6400A7915A /* CustomNavigationController.swift in Sources */,
			);
			runOnlyForDeploymentPostprocessing = 0;
		};
/* End PBXSourcesBuildPhase section */

/* Begin PBXVariantGroup section */
		6D8375A91E34A81A00A7915A /* LaunchScreen.storyboard */ = {
			isa = PBXVariantGroup;
			children = (
				6D8375AA1E34A81A00A7915A /* Base */,
			);
			name = LaunchScreen.storyboard;
			path = ..;
			sourceTree = "<group>";
		};
/* End PBXVariantGroup section */

/* Begin XCBuildConfiguration section */
		6D8375AD1E34A81A00A7915A /* Debug */ = {
			isa = XCBuildConfiguration;
			buildSettings = {
				ALWAYS_SEARCH_USER_PATHS = NO;
				CLANG_ANALYZER_NONNULL = YES;
				CLANG_CXX_LANGUAGE_STANDARD = "gnu++0x";
				CLANG_CXX_LIBRARY = "libc++";
				CLANG_ENABLE_MODULES = YES;
				CLANG_ENABLE_OBJC_ARC = YES;
				CLANG_WARN_BOOL_CONVERSION = YES;
				CLANG_WARN_CONSTANT_CONVERSION = YES;
				CLANG_WARN_DIRECT_OBJC_ISA_USAGE = YES_ERROR;
				CLANG_WARN_DOCUMENTATION_COMMENTS = YES;
				CLANG_WARN_EMPTY_BODY = YES;
				CLANG_WARN_ENUM_CONVERSION = YES;
				CLANG_WARN_INFINITE_RECURSION = YES;
				CLANG_WARN_INT_CONVERSION = YES;
				CLANG_WARN_OBJC_ROOT_CLASS = YES_ERROR;
				CLANG_WARN_SUSPICIOUS_MOVE = YES;
				CLANG_WARN_UNREACHABLE_CODE = YES;
				CLANG_WARN__DUPLICATE_METHOD_MATCH = YES;
				"CODE_SIGN_IDENTITY[sdk=iphoneos*]" = "iPhone Developer";
				COPY_PHASE_STRIP = NO;
				DEBUG_INFORMATION_FORMAT = dwarf;
				ENABLE_STRICT_OBJC_MSGSEND = YES;
				ENABLE_TESTABILITY = YES;
				GCC_C_LANGUAGE_STANDARD = gnu99;
				GCC_DYNAMIC_NO_PIC = NO;
				GCC_NO_COMMON_BLOCKS = YES;
				GCC_OPTIMIZATION_LEVEL = 0;
				GCC_PREPROCESSOR_DEFINITIONS = (
					"DEBUG=1",
					"$(inherited)",
				);
				GCC_WARN_64_TO_32_BIT_CONVERSION = YES;
				GCC_WARN_ABOUT_RETURN_TYPE = YES_ERROR;
				GCC_WARN_UNDECLARED_SELECTOR = YES;
				GCC_WARN_UNINITIALIZED_AUTOS = YES_AGGRESSIVE;
				GCC_WARN_UNUSED_FUNCTION = YES;
				GCC_WARN_UNUSED_VARIABLE = YES;
				IPHONEOS_DEPLOYMENT_TARGET = 10.2;
				MTL_ENABLE_DEBUG_INFO = YES;
				ONLY_ACTIVE_ARCH = YES;
				SDKROOT = iphoneos;
				SWIFT_ACTIVE_COMPILATION_CONDITIONS = DEBUG;
				SWIFT_OPTIMIZATION_LEVEL = "-Onone";
			};
			name = Debug;
		};
		6D8375AE1E34A81A00A7915A /* Release */ = {
			isa = XCBuildConfiguration;
			buildSettings = {
				ALWAYS_SEARCH_USER_PATHS = NO;
				CLANG_ANALYZER_NONNULL = YES;
				CLANG_CXX_LANGUAGE_STANDARD = "gnu++0x";
				CLANG_CXX_LIBRARY = "libc++";
				CLANG_ENABLE_MODULES = YES;
				CLANG_ENABLE_OBJC_ARC = YES;
				CLANG_WARN_BOOL_CONVERSION = YES;
				CLANG_WARN_CONSTANT_CONVERSION = YES;
				CLANG_WARN_DIRECT_OBJC_ISA_USAGE = YES_ERROR;
				CLANG_WARN_DOCUMENTATION_COMMENTS = YES;
				CLANG_WARN_EMPTY_BODY = YES;
				CLANG_WARN_ENUM_CONVERSION = YES;
				CLANG_WARN_INFINITE_RECURSION = YES;
				CLANG_WARN_INT_CONVERSION = YES;
				CLANG_WARN_OBJC_ROOT_CLASS = YES_ERROR;
				CLANG_WARN_SUSPICIOUS_MOVE = YES;
				CLANG_WARN_UNREACHABLE_CODE = YES;
				CLANG_WARN__DUPLICATE_METHOD_MATCH = YES;
				"CODE_SIGN_IDENTITY[sdk=iphoneos*]" = "iPhone Developer";
				COPY_PHASE_STRIP = NO;
				DEBUG_INFORMATION_FORMAT = "dwarf-with-dsym";
				ENABLE_NS_ASSERTIONS = NO;
				ENABLE_STRICT_OBJC_MSGSEND = YES;
				GCC_C_LANGUAGE_STANDARD = gnu99;
				GCC_NO_COMMON_BLOCKS = YES;
				GCC_WARN_64_TO_32_BIT_CONVERSION = YES;
				GCC_WARN_ABOUT_RETURN_TYPE = YES_ERROR;
				GCC_WARN_UNDECLARED_SELECTOR = YES;
				GCC_WARN_UNINITIALIZED_AUTOS = YES_AGGRESSIVE;
				GCC_WARN_UNUSED_FUNCTION = YES;
				GCC_WARN_UNUSED_VARIABLE = YES;
				IPHONEOS_DEPLOYMENT_TARGET = 10.2;
				MTL_ENABLE_DEBUG_INFO = NO;
				SDKROOT = iphoneos;
				SWIFT_OPTIMIZATION_LEVEL = "-Owholemodule";
				VALIDATE_PRODUCT = YES;
			};
			name = Release;
		};
		6D8375B01E34A81A00A7915A /* Debug */ = {
			isa = XCBuildConfiguration;
			baseConfigurationReference = 6F3C097B566CF8056FD7DBC7 /* Pods-LooseFoot.debug.xcconfig */;
			buildSettings = {
				ASSETCATALOG_COMPILER_APPICON_NAME = AppIcon;
				CODE_SIGN_ENTITLEMENTS = LooseFoot/LooseFoot.entitlements;
				"CODE_SIGN_IDENTITY[sdk=iphoneos*]" = "iPhone Developer";
				DEVELOPMENT_TEAM = 5CEP23L458;
				INFOPLIST_FILE = "$(SRCROOT)/LooseFoot/Resources/Info.plist";
				IPHONEOS_DEPLOYMENT_TARGET = 10.2;
				LD_RUNPATH_SEARCH_PATHS = "$(inherited) @executable_path/Frameworks";
				PRODUCT_BUNDLE_IDENTIFIER = com.alexmcardle.LooseFoot;
				PRODUCT_NAME = "$(TARGET_NAME)";
				PROVISIONING_PROFILE_SPECIFIER = "";
				SWIFT_VERSION = 3.0;
			};
			name = Debug;
		};
		6D8375B11E34A81A00A7915A /* Release */ = {
			isa = XCBuildConfiguration;
			baseConfigurationReference = 757ACE6488336929E3203CB6 /* Pods-LooseFoot.release.xcconfig */;
			buildSettings = {
				ASSETCATALOG_COMPILER_APPICON_NAME = AppIcon;
				CODE_SIGN_ENTITLEMENTS = LooseFoot/LooseFoot.entitlements;
				"CODE_SIGN_IDENTITY[sdk=iphoneos*]" = "iPhone Developer";
				DEVELOPMENT_TEAM = 5CEP23L458;
				INFOPLIST_FILE = "$(SRCROOT)/LooseFoot/Resources/Info.plist";
				IPHONEOS_DEPLOYMENT_TARGET = 10.2;
				LD_RUNPATH_SEARCH_PATHS = "$(inherited) @executable_path/Frameworks";
				PRODUCT_BUNDLE_IDENTIFIER = com.alexmcardle.LooseFoot;
				PRODUCT_NAME = "$(TARGET_NAME)";
				PROVISIONING_PROFILE_SPECIFIER = "";
				SWIFT_VERSION = 3.0;
			};
			name = Release;
		};
/* End XCBuildConfiguration section */

/* Begin XCConfigurationList section */
		6D8375981E34A81A00A7915A /* Build configuration list for PBXProject "LooseFoot" */ = {
			isa = XCConfigurationList;
			buildConfigurations = (
				6D8375AD1E34A81A00A7915A /* Debug */,
				6D8375AE1E34A81A00A7915A /* Release */,
			);
			defaultConfigurationIsVisible = 0;
			defaultConfigurationName = Release;
		};
		6D8375AF1E34A81A00A7915A /* Build configuration list for PBXNativeTarget "LooseFoot" */ = {
			isa = XCConfigurationList;
			buildConfigurations = (
				6D8375B01E34A81A00A7915A /* Debug */,
				6D8375B11E34A81A00A7915A /* Release */,
			);
			defaultConfigurationIsVisible = 0;
			defaultConfigurationName = Release;
		};
/* End XCConfigurationList section */
	};
	rootObject = 6D8375951E34A81A00A7915A /* Project object */;
}
